
Microsoft Visual Studio Solution File, Format Version 12.00
# Visual Studio 15
VisualStudioVersion = 15.0.27130.2024
MinimumVisualStudioVersion = 10.0.40219.1
Project("{FAE04EC0-301F-11D3-BF4B-00C04F79EFBC}") = "Personal Budget", "Personal Budget.csproj", "{B73F1243-77C6-4BA6-80B6-19466FCB898B}"
EndProject
Global
	GlobalSection(SolutionConfigurationPlatforms) = preSolution
		Debug|Any CPU = Debug|Any CPU
		Release|Any CPU = Release|Any CPU
	EndGlobalSection
	GlobalSection(ProjectConfigurationPlatforms) = postSolution
		{B73F1243-77C6-4BA6-80B6-19466FCB898B}.Debug|Any CPU.ActiveCfg = Debug|Any CPU
		{B73F1243-77C6-4BA6-80B6-19466FCB898B}.Debug|Any CPU.Build.0 = Debug|Any CPU
		{B73F1243-77C6-4BA6-80B6-19466FCB898B}.Release|Any CPU.ActiveCfg = Release|Any CPU
		{B73F1243-77C6-4BA6-80B6-19466FCB898B}.Release|Any CPU.Build.0 = Release|Any CPU
	EndGlobalSection
	GlobalSection(SolutionProperties) = preSolution
		HideSolutionNode = FALSE
	EndGlobalSection
	GlobalSection(ExtensibilityGlobals) = postSolution
		SolutionGuid = {C8A45C1A-5036-4D2D-9B5F-EB492CC3FB50}
	EndGlobalSection
EndGlobal
